
Microsoft Visual Studio Solution File, Format Version 12.00
Project("{FAE04EC0-301F-11D3-BF4B-00C04F79EFBC}") = "ConsoleApp2", "ConsoleApp2\ConsoleApp2.csproj", "{5F08FA94-D272-41F0-9C51-B486D573BFD2}"
EndProject
Project("{FAE04EC0-301F-11D3-BF4B-00C04F79EFBC}") = "TestProject1", "TestProject1\TestProject1.csproj", "{F6C84611-EA03-4CBB-9F77-9B6DE47135E7}"
EndProject
Global
	GlobalSection(SolutionConfigurationPlatforms) = preSolution
		Debug|Any CPU = Debug|Any CPU
		Release|Any CPU = Release|Any CPU
	EndGlobalSection
	GlobalSection(ProjectConfigurationPlatforms) = postSolution
		{5F08FA94-D272-41F0-9C51-B486D573BFD2}.Debug|Any CPU.ActiveCfg = Debug|Any CPU
		{5F08FA94-D272-41F0-9C51-B486D573BFD2}.Debug|Any CPU.Build.0 = Debug|Any CPU
		{5F08FA94-D272-41F0-9C51-B486D573BFD2}.Release|Any CPU.ActiveCfg = Release|Any CPU
		{5F08FA94-D272-41F0-9C51-B486D573BFD2}.Release|Any CPU.Build.0 = Release|Any CPU
		{F6C84611-EA03-4CBB-9F77-9B6DE47135E7}.Debug|Any CPU.ActiveCfg = Debug|Any CPU
		{F6C84611-EA03-4CBB-9F77-9B6DE47135E7}.Debug|Any CPU.Build.0 = Debug|Any CPU
		{F6C84611-EA03-4CBB-9F77-9B6DE47135E7}.Release|Any CPU.ActiveCfg = Release|Any CPU
		{F6C84611-EA03-4CBB-9F77-9B6DE47135E7}.Release|Any CPU.Build.0 = Release|Any CPU
	EndGlobalSection
EndGlobal
