
Microsoft Visual Studio Solution File, Format Version 12.00
Project("{FAE04EC0-301F-11D3-BF4B-00C04F79EFBC}") = "MyApp", "MyApp\MyApp.csproj", "{8E9C17C4-7CEC-49C3-93C4-A7B753B7E662}"
EndProject
Project("{FAE04EC0-301F-11D3-BF4B-00C04F79EFBC}") = "MyLibrary", "MyLibrary\MyLibrary.csproj", "{50169981-DC03-4E88-ABFA-12E3BA0588DE}"
EndProject
Project("{FAE04EC0-301F-11D3-BF4B-00C04F79EFBC}") = "MyServices", "MyServices\MyServices.csproj", "{A4D2A4AA-FE85-4A1A-92EE-428AD177962E}"
EndProject
Global
	GlobalSection(SolutionConfigurationPlatforms) = preSolution
		Debug|Any CPU = Debug|Any CPU
		Release|Any CPU = Release|Any CPU
	EndGlobalSection
	GlobalSection(ProjectConfigurationPlatforms) = postSolution
		{8E9C17C4-7CEC-49C3-93C4-A7B753B7E662}.Debug|Any CPU.ActiveCfg = Debug|Any CPU
		{8E9C17C4-7CEC-49C3-93C4-A7B753B7E662}.Debug|Any CPU.Build.0 = Debug|Any CPU
		{8E9C17C4-7CEC-49C3-93C4-A7B753B7E662}.Release|Any CPU.ActiveCfg = Release|Any CPU
		{8E9C17C4-7CEC-49C3-93C4-A7B753B7E662}.Release|Any CPU.Build.0 = Release|Any CPU
		{50169981-DC03-4E88-ABFA-12E3BA0588DE}.Debug|Any CPU.ActiveCfg = Debug|Any CPU
		{50169981-DC03-4E88-ABFA-12E3BA0588DE}.Debug|Any CPU.Build.0 = Debug|Any CPU
		{50169981-DC03-4E88-ABFA-12E3BA0588DE}.Release|Any CPU.ActiveCfg = Release|Any CPU
		{50169981-DC03-4E88-ABFA-12E3BA0588DE}.Release|Any CPU.Build.0 = Release|Any CPU
		{A4D2A4AA-FE85-4A1A-92EE-428AD177962E}.Debug|Any CPU.ActiveCfg = Debug|Any CPU
		{A4D2A4AA-FE85-4A1A-92EE-428AD177962E}.Debug|Any CPU.Build.0 = Debug|Any CPU
		{A4D2A4AA-FE85-4A1A-92EE-428AD177962E}.Release|Any CPU.ActiveCfg = Release|Any CPU
		{A4D2A4AA-FE85-4A1A-92EE-428AD177962E}.Release|Any CPU.Build.0 = Release|Any CPU
	EndGlobalSection
EndGlobal
