
Microsoft Visual Studio Solution File, Format Version 12.00
Project("{FAE04EC0-301F-11D3-BF4B-00C04F79EFBC}") = "lab12", "lab12\lab12.csproj", "{DA5EADAC-A5D5-4EC3-9F34-09D99A273AEB}"
EndProject
Global
	GlobalSection(SolutionConfigurationPlatforms) = preSolution
		Debug|Any CPU = Debug|Any CPU
		Release|Any CPU = Release|Any CPU
	EndGlobalSection
	GlobalSection(ProjectConfigurationPlatforms) = postSolution
		{DA5EADAC-A5D5-4EC3-9F34-09D99A273AEB}.Debug|Any CPU.ActiveCfg = Debug|Any CPU
		{DA5EADAC-A5D5-4EC3-9F34-09D99A273AEB}.Debug|Any CPU.Build.0 = Debug|Any CPU
		{DA5EADAC-A5D5-4EC3-9F34-09D99A273AEB}.Release|Any CPU.ActiveCfg = Release|Any CPU
		{DA5EADAC-A5D5-4EC3-9F34-09D99A273AEB}.Release|Any CPU.Build.0 = Release|Any CPU
	EndGlobalSection
EndGlobal
