
Microsoft Visual Studio Solution File, Format Version 12.00
Project("{FAE04EC0-301F-11D3-BF4B-00C04F79EFBC}") = "lab3", "lab3\lab3.csproj", "{B4C8B5E0-0216-43D0-B017-0136FF0E17E0}"
EndProject
Project("{FAE04EC0-301F-11D3-BF4B-00C04F79EFBC}") = "Testy", "Testy\Testy.csproj", "{6E45D6DF-6833-4FB7-B590-CADF7B4BED59}"
EndProject
Global
	GlobalSection(SolutionConfigurationPlatforms) = preSolution
		Debug|Any CPU = Debug|Any CPU
		Release|Any CPU = Release|Any CPU
	EndGlobalSection
	GlobalSection(ProjectConfigurationPlatforms) = postSolution
		{B4C8B5E0-0216-43D0-B017-0136FF0E17E0}.Debug|Any CPU.ActiveCfg = Debug|Any CPU
		{B4C8B5E0-0216-43D0-B017-0136FF0E17E0}.Debug|Any CPU.Build.0 = Debug|Any CPU
		{B4C8B5E0-0216-43D0-B017-0136FF0E17E0}.Release|Any CPU.ActiveCfg = Release|Any CPU
		{B4C8B5E0-0216-43D0-B017-0136FF0E17E0}.Release|Any CPU.Build.0 = Release|Any CPU
		{6E45D6DF-6833-4FB7-B590-CADF7B4BED59}.Debug|Any CPU.ActiveCfg = Debug|Any CPU
		{6E45D6DF-6833-4FB7-B590-CADF7B4BED59}.Debug|Any CPU.Build.0 = Debug|Any CPU
		{6E45D6DF-6833-4FB7-B590-CADF7B4BED59}.Release|Any CPU.ActiveCfg = Release|Any CPU
		{6E45D6DF-6833-4FB7-B590-CADF7B4BED59}.Release|Any CPU.Build.0 = Release|Any CPU
	EndGlobalSection
EndGlobal
